
Microsoft Visual Studio Solution File, Format Version 12.00
# Visual Studio Version 17
VisualStudioVersion = 17.0.31903.59
MinimumVisualStudioVersion = 10.0.40219.1
Project("{2150E333-8FDC-42A3-9474-1A3956D46DE8}") = "src", "src", "{827E0CD3-B72D-47B6-A68D-7590B98EB39B}"
EndProject
Project("{FAE04EC0-301F-11D3-BF4B-00C04F79EFBC}") = "AppImoveis.Domain", "src\AppImoveis.Domain\AppImoveis.Domain.csproj", "{4A223A2E-976C-462D-95BB-21DB2D392C68}"
EndProject
Project("{FAE04EC0-301F-11D3-BF4B-00C04F79EFBC}") = "AppImoveis.Application", "src\AppImoveis.Application\AppImoveis.Application.csproj", "{2AA33136-BB0D-4D9F-AA33-C000A573447E}"
EndProject
Project("{FAE04EC0-301F-11D3-BF4B-00C04F79EFBC}") = "AppImoveis.Infrastructure", "src\AppImoveis.Infrastructure\AppImoveis.Infrastructure.csproj", "{7A1F3AFF-C742-441B-9E50-7C4BA7A8C5B5}"
EndProject
Project("{FAE04EC0-301F-11D3-BF4B-00C04F79EFBC}") = "AppImoveis.Api", "src\AppImoveis.Api\AppImoveis.Api.csproj", "{4B92FD84-7474-40C2-B4AD-7661FF6065DA}"
EndProject
Project("{2150E333-8FDC-42A3-9474-1A3956D46DE8}") = "tests", "tests", "{0AB3BF05-4346-4AA6-1389-037BE0695223}"
EndProject
Project("{FAE04EC0-301F-11D3-BF4B-00C04F79EFBC}") = "AppImoveis.Tests", "tests\AppImoveis.Tests\AppImoveis.Tests.csproj", "{C5EB3DE6-21C2-415A-B5C0-29347DD5F55E}"
EndProject
Global
	GlobalSection(SolutionConfigurationPlatforms) = preSolution
		Debug|Any CPU = Debug|Any CPU
		Debug|x64 = Debug|x64
		Debug|x86 = Debug|x86
		Release|Any CPU = Release|Any CPU
		Release|x64 = Release|x64
		Release|x86 = Release|x86
	EndGlobalSection
	GlobalSection(ProjectConfigurationPlatforms) = postSolution
		{4A223A2E-976C-462D-95BB-21DB2D392C68}.Debug|Any CPU.ActiveCfg = Debug|Any CPU
		{4A223A2E-976C-462D-95BB-21DB2D392C68}.Debug|Any CPU.Build.0 = Debug|Any CPU
		{4A223A2E-976C-462D-95BB-21DB2D392C68}.Debug|x64.ActiveCfg = Debug|Any CPU
		{4A223A2E-976C-462D-95BB-21DB2D392C68}.Debug|x64.Build.0 = Debug|Any CPU
		{4A223A2E-976C-462D-95BB-21DB2D392C68}.Debug|x86.ActiveCfg = Debug|Any CPU
		{4A223A2E-976C-462D-95BB-21DB2D392C68}.Debug|x86.Build.0 = Debug|Any CPU
		{4A223A2E-976C-462D-95BB-21DB2D392C68}.Release|Any CPU.ActiveCfg = Release|Any CPU
		{4A223A2E-976C-462D-95BB-21DB2D392C68}.Release|Any CPU.Build.0 = Release|Any CPU
		{4A223A2E-976C-462D-95BB-21DB2D392C68}.Release|x64.ActiveCfg = Release|Any CPU
		{4A223A2E-976C-462D-95BB-21DB2D392C68}.Release|x64.Build.0 = Release|Any CPU
		{4A223A2E-976C-462D-95BB-21DB2D392C68}.Release|x86.ActiveCfg = Release|Any CPU
		{4A223A2E-976C-462D-95BB-21DB2D392C68}.Release|x86.Build.0 = Release|Any CPU
		{2AA33136-BB0D-4D9F-AA33-C000A573447E}.Debug|Any CPU.ActiveCfg = Debug|Any CPU
		{2AA33136-BB0D-4D9F-AA33-C000A573447E}.Debug|Any CPU.Build.0 = Debug|Any CPU
		{2AA33136-BB0D-4D9F-AA33-C000A573447E}.Debug|x64.ActiveCfg = Debug|Any CPU
		{2AA33136-BB0D-4D9F-AA33-C000A573447E}.Debug|x64.Build.0 = Debug|Any CPU
		{2AA33136-BB0D-4D9F-AA33-C000A573447E}.Debug|x86.ActiveCfg = Debug|Any CPU
		{2AA33136-BB0D-4D9F-AA33-C000A573447E}.Debug|x86.Build.0 = Debug|Any CPU
		{2AA33136-BB0D-4D9F-AA33-C000A573447E}.Release|Any CPU.ActiveCfg = Release|Any CPU
		{2AA33136-BB0D-4D9F-AA33-C000A573447E}.Release|Any CPU.Build.0 = Release|Any CPU
		{2AA33136-BB0D-4D9F-AA33-C000A573447E}.Release|x64.ActiveCfg = Release|Any CPU
		{2AA33136-BB0D-4D9F-AA33-C000A573447E}.Release|x64.Build.0 = Release|Any CPU
		{2AA33136-BB0D-4D9F-AA33-C000A573447E}.Release|x86.ActiveCfg = Release|Any CPU
		{2AA33136-BB0D-4D9F-AA33-C000A573447E}.Release|x86.Build.0 = Release|Any CPU
		{7A1F3AFF-C742-441B-9E50-7C4BA7A8C5B5}.Debug|Any CPU.ActiveCfg = Debug|Any CPU
		{7A1F3AFF-C742-441B-9E50-7C4BA7A8C5B5}.Debug|Any CPU.Build.0 = Debug|Any CPU
		{7A1F3AFF-C742-441B-9E50-7C4BA7A8C5B5}.Debug|x64.ActiveCfg = Debug|Any CPU
		{7A1F3AFF-C742-441B-9E50-7C4BA7A8C5B5}.Debug|x64.Build.0 = Debug|Any CPU
		{7A1F3AFF-C742-441B-9E50-7C4BA7A8C5B5}.Debug|x86.ActiveCfg = Debug|Any CPU
		{7A1F3AFF-C742-441B-9E50-7C4BA7A8C5B5}.Debug|x86.Build.0 = Debug|Any CPU
		{7A1F3AFF-C742-441B-9E50-7C4BA7A8C5B5}.Release|Any CPU.ActiveCfg = Release|Any CPU
		{7A1F3AFF-C742-441B-9E50-7C4BA7A8C5B5}.Release|Any CPU.Build.0 = Release|Any CPU
		{7A1F3AFF-C742-441B-9E50-7C4BA7A8C5B5}.Release|x64.ActiveCfg = Release|Any CPU
		{7A1F3AFF-C742-441B-9E50-7C4BA7A8C5B5}.Release|x64.Build.0 = Release|Any CPU
		{7A1F3AFF-C742-441B-9E50-7C4BA7A8C5B5}.Release|x86.ActiveCfg = Release|Any CPU
		{7A1F3AFF-C742-441B-9E50-7C4BA7A8C5B5}.Release|x86.Build.0 = Release|Any CPU
		{4B92FD84-7474-40C2-B4AD-7661FF6065DA}.Debug|Any CPU.ActiveCfg = Debug|Any CPU
		{4B92FD84-7474-40C2-B4AD-7661FF6065DA}.Debug|Any CPU.Build.0 = Debug|Any CPU
		{4B92FD84-7474-40C2-B4AD-7661FF6065DA}.Debug|x64.ActiveCfg = Debug|Any CPU
		{4B92FD84-7474-40C2-B4AD-7661FF6065DA}.Debug|x64.Build.0 = Debug|Any CPU
		{4B92FD84-7474-40C2-B4AD-7661FF6065DA}.Debug|x86.ActiveCfg = Debug|Any CPU
		{4B92FD84-7474-40C2-B4AD-7661FF6065DA}.Debug|x86.Build.0 = Debug|Any CPU
		{4B92FD84-7474-40C2-B4AD-7661FF6065DA}.Release|Any CPU.ActiveCfg = Release|Any CPU
		{4B92FD84-7474-40C2-B4AD-7661FF6065DA}.Release|Any CPU.Build.0 = Release|Any CPU
		{4B92FD84-7474-40C2-B4AD-7661FF6065DA}.Release|x64.ActiveCfg = Release|Any CPU
		{4B92FD84-7474-40C2-B4AD-7661FF6065DA}.Release|x64.Build.0 = Release|Any CPU
		{4B92FD84-7474-40C2-B4AD-7661FF6065DA}.Release|x86.ActiveCfg = Release|Any CPU
		{4B92FD84-7474-40C2-B4AD-7661FF6065DA}.Release|x86.Build.0 = Release|Any CPU
		{C5EB3DE6-21C2-415A-B5C0-29347DD5F55E}.Debug|Any CPU.ActiveCfg = Debug|Any CPU
		{C5EB3DE6-21C2-415A-B5C0-29347DD5F55E}.Debug|Any CPU.Build.0 = Debug|Any CPU
		{C5EB3DE6-21C2-415A-B5C0-29347DD5F55E}.Debug|x64.ActiveCfg = Debug|Any CPU
		{C5EB3DE6-21C2-415A-B5C0-29347DD5F55E}.Debug|x64.Build.0 = Debug|Any CPU
		{C5EB3DE6-21C2-415A-B5C0-29347DD5F55E}.Debug|x86.ActiveCfg = Debug|Any CPU
		{C5EB3DE6-21C2-415A-B5C0-29347DD5F55E}.Debug|x86.Build.0 = Debug|Any CPU
		{C5EB3DE6-21C2-415A-B5C0-29347DD5F55E}.Release|Any CPU.ActiveCfg = Release|Any CPU
		{C5EB3DE6-21C2-415A-B5C0-29347DD5F55E}.Release|Any CPU.Build.0 = Release|Any CPU
		{C5EB3DE6-21C2-415A-B5C0-29347DD5F55E}.Release|x64.ActiveCfg = Release|Any CPU
		{C5EB3DE6-21C2-415A-B5C0-29347DD5F55E}.Release|x64.Build.0 = Release|Any CPU
		{C5EB3DE6-21C2-415A-B5C0-29347DD5F55E}.Release|x86.ActiveCfg = Release|Any CPU
		{C5EB3DE6-21C2-415A-B5C0-29347DD5F55E}.Release|x86.Build.0 = Release|Any CPU
	EndGlobalSection
	GlobalSection(SolutionProperties) = preSolution
		HideSolutionNode = FALSE
	EndGlobalSection
	GlobalSection(NestedProjects) = preSolution
		{4A223A2E-976C-462D-95BB-21DB2D392C68} = {827E0CD3-B72D-47B6-A68D-7590B98EB39B}
		{2AA33136-BB0D-4D9F-AA33-C000A573447E} = {827E0CD3-B72D-47B6-A68D-7590B98EB39B}
		{7A1F3AFF-C742-441B-9E50-7C4BA7A8C5B5} = {827E0CD3-B72D-47B6-A68D-7590B98EB39B}
		{4B92FD84-7474-40C2-B4AD-7661FF6065DA} = {827E0CD3-B72D-47B6-A68D-7590B98EB39B}
		{C5EB3DE6-21C2-415A-B5C0-29347DD5F55E} = {0AB3BF05-4346-4AA6-1389-037BE0695223}
	EndGlobalSection
EndGlobal
